# This file is automatically @generated by Cargo.
# It is not intended for manual editing.
version = 4

[[package]]
name = "mad-core"
version = "0.1.0"

[[package]]
name = "mad-datastore"
version = "0.1.0"
dependencies = [
 "mad-core",
]

[[package]]
name = "mad-osm-importer"
version = "0.1.0"
dependencies = [
 "mad-core",
 "mad-datastore",
]
